
Microsoft Visual Studio Solution File, Format Version 12.00
# Visual Studio Version 17
VisualStudioVersion = 17.7.34024.191
MinimumVisualStudioVersion = 10.0.40219.1
Project("{FAE04EC0-301F-11D3-BF4B-00C04F79EFBC}") = "Garbage Collection", "Garbage Collection\Garbage Collection.csproj", "{C29741B8-7A06-4868-AD65-153C67536588}"
EndProject
Global
	GlobalSection(SolutionConfigurationPlatforms) = preSolution
		Debug|Any CPU = Debug|Any CPU
		Release|Any CPU = Release|Any CPU
	EndGlobalSection
	GlobalSection(ProjectConfigurationPlatforms) = postSolution
		{C29741B8-7A06-4868-AD65-153C67536588}.Debug|Any CPU.ActiveCfg = Debug|Any CPU
		{C29741B8-7A06-4868-AD65-153C67536588}.Debug|Any CPU.Build.0 = Debug|Any CPU
		{C29741B8-7A06-4868-AD65-153C67536588}.Release|Any CPU.ActiveCfg = Release|Any CPU
		{C29741B8-7A06-4868-AD65-153C67536588}.Release|Any CPU.Build.0 = Release|Any CPU
	EndGlobalSection
	GlobalSection(SolutionProperties) = preSolution
		HideSolutionNode = FALSE
	EndGlobalSection
	GlobalSection(ExtensibilityGlobals) = postSolution
		SolutionGuid = {CB88F1EA-8742-4824-B08C-9876B4AB8FD6}
	EndGlobalSection
EndGlobal
